<?xml version="1.0" encoding="utf-8"?>
<Project ToolsVersion="4.0" xmlns="http://schemas.microsoft.com/developer/msbuild/2003">
  <ItemGroup>
    <Filter Include="소스 파일">
      <UniqueIdentifier>{4FC737F1-C7A5-4376-A066-2A32D752A2FF}</UniqueIdentifier>
      <Extensions>cpp;c;cc;cxx;c++;cppm;ixx;def;odl;idl;hpj;bat;asm;asmx</Extensions>
    </Filter>
    <Filter Include="헤더 파일">
      <UniqueIdentifier>{93995380-89BD-4b04-88EB-625FBE52EBFB}</UniqueIdentifier>
      <Extensions>h;hh;hpp;hxx;h++;hm;inl;inc;ipp;xsd</Extensions>
    </Filter>
    <Filter Include="리소스 파일">
      <UniqueIdentifier>{67DA6AB6-F800-4c08-8B7A-83BB121AAD01}</UniqueIdentifier>
      <Extensions>rc;ico;cur;bmp;dlg;rc2;rct;bin;rgs;gif;jpg;jpeg;jpe;resx;tiff;tif;png;wav;mfcribbon-ms</Extensions>
    </Filter>
  </ItemGroup>
  <ItemGroup>
    <ClCompile Include="1031 2 순환참조 시 sharedptr.cpp">
      <Filter>소스 파일</Filter>
    </ClCompile>
    <ClCompile Include="1031 3 순환참조 시 weakptr.cpp">
      <Filter>소스 파일</Filter>
    </ClCompile>
    <ClCompile Include="1031 5. 포인터를 통하여 멤버 접근하기.cpp">
      <Filter>소스 파일</Filter>
    </ClCompile>
    <ClCompile Include="1031 4. 객체의 동적 생성.cpp">
      <Filter>소스 파일</Filter>
    </ClCompile>
    <ClCompile Include="1031 6. this 포인터.cpp">
      <Filter>소스 파일</Filter>
    </ClCompile>
    <ClCompile Include="1029 1.cpp">
      <Filter>소스 파일</Filter>
    </ClCompile>
    <ClCompile Include="1029 2.cpp">
      <Filter>소스 파일</Filter>
    </ClCompile>
    <ClCompile Include="1029 3_스마트포인터.cpp">
      <Filter>소스 파일</Filter>
    </ClCompile>
    <ClCompile Include="1029 4_auto_ptr.cpp">
      <Filter>소스 파일</Filter>
    </ClCompile>
    <ClCompile Include="1029 5_unique_ptr.cpp">
      <Filter>소스 파일</Filter>
    </ClCompile>
    <ClCompile Include="1029 6_shared_ptr.cpp">
      <Filter>소스 파일</Filter>
    </ClCompile>
    <ClCompile Include="1031 1. 스마트 포인터.cpp">
      <Filter>소스 파일</Filter>
    </ClCompile>
    <ClCompile Include="1031 7. const포인터.cpp">
      <Filter>소스 파일</Filter>
    </ClCompile>
    <ClCompile Include="1031 8. vector 포인터.cpp">
      <Filter>소스 파일</Filter>
    </ClCompile>
  </ItemGroup>
</Project>